{
  "version": 4,
  "terraform_version": "1.2.3",
  "serial": 1,
  "lineage": "89bf44ff-2793-5414-a2e4-1050e0503316",
  "outputs": {},
  "resources": [
    {
      "module": "module.deploy-centralized-logging",
      "mode": "managed",
      "type": "aws_vpc",
      "name": "main",
      "provider": "provider[\"registry.terraform.io/hashicorp/aws\"]",
      "instances": [
        {
          "schema_version": 1,
          "attributes": {
            "arn": "arn:aws:ec2:us-east-1:815185358789:vpc/vpc-08e41fcd59d936843",
            "assign_generated_ipv6_cidr_block": false,
            "cidr_block": "10.0.0.0/16",
            "default_network_acl_id": "acl-06b49a33f688f2192",
            "default_route_table_id": "rtb-07be07609f38091d8",
            "default_security_group_id": "sg-0db8fda2790871f24",
            "dhcp_options_id": "dopt-0908268d5e4c65f5d",
            "enable_classiclink": false,
            "enable_classiclink_dns_support": false,
            "enable_dns_hostnames": false,
            "enable_dns_support": true,
            "id": "vpc-08e41fcd59d936843",
            "instance_tenancy": "default",
            "ipv4_ipam_pool_id": null,
            "ipv4_netmask_length": null,
            "ipv6_association_id": "",
            "ipv6_cidr_block": "",
            "ipv6_cidr_block_network_border_group": "",
            "ipv6_ipam_pool_id": "",
            "ipv6_netmask_length": 0,
            "main_route_table_id": "rtb-07be07609f38091d8",
            "owner_id": "815185358789",
            "tags": {
              "Name": "aws_vpc"
            },
            "tags_all": {
              "Name": "aws_vpc"
            }
          },
          "sensitive_attributes": [],
          "private": "eyJzY2hlbWFfdmVyc2lvbiI6IjEifQ=="
        }
      ]
    }
  ]
}
