{
  "version": 4,
  "terraform_version": "1.2.3",
  "serial": 28,
  "lineage": "30718740-55e1-fbb8-df31-43bc48e846b1",
  "outputs": {},
  "resources": [
    {
      "module": "module.deploy-centralized-logging",
      "mode": "data",
      "type": "aws_caller_identity",
      "name": "current",
      "provider": "provider[\"registry.terraform.io/hashicorp/aws\"]",
      "instances": [
        {
          "schema_version": 0,
          "attributes": {
            "account_id": "401901297044",
            "arn": "arn:aws:iam::401901297044:user/cloud_user",
            "id": "401901297044",
            "user_id": "AIDAV3EZPDWKIJWUQVJ2S"
          },
          "sensitive_attributes": []
        }
      ]
    },
    {
      "module": "module.deploy-centralized-logging",
      "mode": "data",
      "type": "aws_iam_policy_document",
      "name": "service-logging-policy",
      "provider": "provider[\"registry.terraform.io/hashicorp/aws\"]",
      "instances": [
        {
          "schema_version": 0,
          "attributes": {
            "id": "3002369214",
            "json": "{\n  \"Version\": \"2012-10-17\",\n  \"Statement\": [\n    {\n      \"Sid\": \"\",\n      \"Effect\": \"Allow\",\n      \"Action\": [\n        \"logs:PutLogEvents\",\n        \"logs:CreateLogStream\"\n      ],\n      \"Resource\": \"arn:aws:logs:us-east-1:401901297044:log-group:Central\",\n      \"Principal\": {\n        \"Service\": \"firehose.amazonaws.com\"\n      }\n    }\n  ]\n}",
            "override_json": null,
            "override_policy_documents": null,
            "policy_id": null,
            "source_json": null,
            "source_policy_documents": null,
            "statement": [
              {
                "actions": [
                  "logs:CreateLogStream",
                  "logs:PutLogEvents"
                ],
                "condition": [],
                "effect": "Allow",
                "not_actions": [],
                "not_principals": [],
                "not_resources": [],
                "principals": [
                  {
                    "identifiers": [
                      "firehose.amazonaws.com"
                    ],
                    "type": "Service"
                  }
                ],
                "resources": [
                  "arn:aws:logs:us-east-1:401901297044:log-group:Central"
                ],
                "sid": ""
              }
            ],
            "version": "2012-10-17"
          },
          "sensitive_attributes": []
        }
      ]
    },
    {
      "module": "module.deploy-centralized-logging",
      "mode": "data",
      "type": "aws_region",
      "name": "current",
      "provider": "provider[\"registry.terraform.io/hashicorp/aws\"]",
      "instances": [
        {
          "schema_version": 0,
          "attributes": {
            "description": "US East (N. Virginia)",
            "endpoint": "ec2.us-east-1.amazonaws.com",
            "id": "us-east-1",
            "name": "us-east-1"
          },
          "sensitive_attributes": []
        }
      ]
    },
    {
      "module": "module.deploy-centralized-logging",
      "mode": "data",
      "type": "aws_subnets",
      "name": "subnet_data",
      "provider": "provider[\"registry.terraform.io/hashicorp/aws\"]",
      "instances": [
        {
          "schema_version": 0,
          "attributes": {
            "filter": null,
            "id": "us-east-1",
            "ids": [],
            "tags": {
              "Tier": "private"
            }
          },
          "sensitive_attributes": []
        }
      ]
    },
    {
      "module": "module.deploy-centralized-logging",
      "mode": "data",
      "type": "aws_vpc",
      "name": "vpc_data",
      "provider": "provider[\"registry.terraform.io/hashicorp/aws\"]",
      "instances": [
        {
          "schema_version": 0,
          "attributes": {
            "arn": "arn:aws:ec2:us-east-1:401901297044:vpc/vpc-0acfe5b9b0aaccdf9",
            "cidr_block": "10.0.0.0/16",
            "cidr_block_associations": [
              {
                "association_id": "vpc-cidr-assoc-08c04a4d028d64a4e",
                "cidr_block": "10.0.0.0/16",
                "state": "associated"
              }
            ],
            "default": false,
            "dhcp_options_id": "dopt-0e684370edb04b3ae",
            "enable_dns_hostnames": false,
            "enable_dns_support": true,
            "filter": null,
            "id": "vpc-0acfe5b9b0aaccdf9",
            "instance_tenancy": "default",
            "ipv6_association_id": "",
            "ipv6_cidr_block": "",
            "main_route_table_id": "rtb-02468168559665464",
            "owner_id": "401901297044",
            "state": null,
            "tags": {
              "Name": "aws_vpc"
            }
          },
          "sensitive_attributes": []
        }
      ]
    },
    {
      "module": "module.deploy-centralized-logging",
      "mode": "managed",
      "type": "aws_cloudtrail",
      "name": "service-cloudtrail",
      "provider": "provider[\"registry.terraform.io/hashicorp/aws\"]",
      "instances": []
    },
    {
      "module": "module.deploy-centralized-logging",
      "mode": "managed",
      "type": "aws_cloudwatch_log_destination",
      "name": "central_log_destination",
      "provider": "provider[\"registry.terraform.io/hashicorp/aws\"]",
      "instances": []
    },
    {
      "module": "module.deploy-centralized-logging",
      "mode": "managed",
      "type": "aws_cloudwatch_log_group",
      "name": "central",
      "provider": "provider[\"registry.terraform.io/hashicorp/aws\"]",
      "instances": [
        {
          "schema_version": 0,
          "attributes": {
            "arn": "arn:aws:logs:us-east-1:401901297044:log-group:Central",
            "id": "Central",
            "kms_key_id": "",
            "name": "Central",
            "name_prefix": null,
            "retention_in_days": 0,
            "tags": {
              "Name": "aws_cloudwatch_log_group"
            },
            "tags_all": {
              "Name": "aws_cloudwatch_log_group"
            }
          },
          "sensitive_attributes": [],
          "private": "bnVsbA=="
        }
      ]
    },
    {
      "module": "module.deploy-centralized-logging",
      "mode": "managed",
      "type": "aws_cloudwatch_log_stream",
      "name": "service-log-stream",
      "provider": "provider[\"registry.terraform.io/hashicorp/aws\"]",
      "instances": [
        {
          "schema_version": 0,
          "attributes": {
            "arn": "arn:aws:logs:us-east-1:401901297044:log-group:Central:log-stream:aws_cloudwatch_log_stream",
            "id": "aws_cloudwatch_log_stream",
            "log_group_name": "Central",
            "name": "aws_cloudwatch_log_stream"
          },
          "sensitive_attributes": [],
          "private": "bnVsbA==",
          "dependencies": [
            "module.deploy-centralized-logging.aws_cloudwatch_log_group.central"
          ]
        }
      ]
    },
    {
      "module": "module.deploy-centralized-logging",
      "mode": "managed",
      "type": "aws_iam_policy",
      "name": "cloudwatch_log_destination_policy",
      "provider": "provider[\"registry.terraform.io/hashicorp/aws\"]",
      "instances": [
        {
          "schema_version": 0,
          "attributes": {
            "arn": "arn:aws:iam::401901297044:policy/cloudwatch_log_destination_policy",
            "description": "",
            "id": "arn:aws:iam::401901297044:policy/cloudwatch_log_destination_policy",
            "name": "cloudwatch_log_destination_policy",
            "name_prefix": null,
            "path": "/",
            "policy": "{\"Statement\":[{\"Action\":[\"logs:*\",\"kinesis:*\"],\"Effect\":\"Allow\",\"Resource\":\"*\"}],\"Version\":\"2012-10-17\"}",
            "policy_id": "ANPAV3EZPDWKHDEAH6BH3",
            "tags": {},
            "tags_all": {}
          },
          "sensitive_attributes": [],
          "private": "bnVsbA=="
        }
      ]
    },
    {
      "module": "module.deploy-centralized-logging",
      "mode": "managed",
      "type": "aws_iam_role",
      "name": "firehose_role",
      "provider": "provider[\"registry.terraform.io/hashicorp/aws\"]",
      "instances": [
        {
          "schema_version": 0,
          "attributes": {
            "arn": "arn:aws:iam::401901297044:role/firehose_role",
            "assume_role_policy": "{\"Version\":\"2012-10-17\",\"Statement\":[{\"Sid\":\"\",\"Effect\":\"Allow\",\"Principal\":{\"Service\":\"firehose.amazonaws.com\"},\"Action\":\"sts:AssumeRole\"}]}",
            "create_date": "2022-06-22T00:07:42Z",
            "description": "",
            "force_detach_policies": false,
            "id": "firehose_role",
            "inline_policy": [
              {
                "name": "",
                "policy": ""
              }
            ],
            "managed_policy_arns": [],
            "max_session_duration": 3600,
            "name": "firehose_role",
            "name_prefix": "",
            "path": "/",
            "permissions_boundary": null,
            "tags": {},
            "tags_all": {},
            "unique_id": "AROAV3EZPDWKODRTWTGMO"
          },
          "sensitive_attributes": [],
          "private": "bnVsbA=="
        }
      ]
    },
    {
      "module": "module.deploy-centralized-logging",
      "mode": "managed",
      "type": "aws_iam_role",
      "name": "lambda_iam",
      "provider": "provider[\"registry.terraform.io/hashicorp/aws\"]",
      "instances": [
        {
          "schema_version": 0,
          "attributes": {
            "arn": "arn:aws:iam::401901297044:role/lambda_iam",
            "assume_role_policy": "{\"Version\":\"2012-10-17\",\"Statement\":[{\"Sid\":\"\",\"Effect\":\"Allow\",\"Principal\":{\"Service\":\"lambda.amazonaws.com\"},\"Action\":\"sts:AssumeRole\"}]}",
            "create_date": "2022-06-22T00:07:42Z",
            "description": "",
            "force_detach_policies": false,
            "id": "lambda_iam",
            "inline_policy": [
              {
                "name": "",
                "policy": ""
              }
            ],
            "managed_policy_arns": [],
            "max_session_duration": 3600,
            "name": "lambda_iam",
            "name_prefix": "",
            "path": "/",
            "permissions_boundary": null,
            "tags": {},
            "tags_all": {},
            "unique_id": "AROAV3EZPDWKCI5AGKKRN"
          },
          "sensitive_attributes": [],
          "private": "bnVsbA=="
        }
      ]
    },
    {
      "module": "module.deploy-centralized-logging",
      "mode": "managed",
      "type": "aws_kinesis_firehose_delivery_stream",
      "name": "extended_s3_stream",
      "provider": "provider[\"registry.terraform.io/hashicorp/aws\"]",
      "instances": []
    },
    {
      "module": "module.deploy-centralized-logging",
      "mode": "managed",
      "type": "aws_kinesis_stream",
      "name": "Kinesis_stream",
      "provider": "provider[\"registry.terraform.io/hashicorp/aws\"]",
      "instances": [
        {
          "schema_version": 1,
          "attributes": {
            "arn": "arn:aws:kinesis:us-east-1:401901297044:stream/Kinesis_stream",
            "encryption_type": "NONE",
            "enforce_consumer_deletion": false,
            "id": "arn:aws:kinesis:us-east-1:401901297044:stream/Kinesis_stream",
            "kms_key_id": "",
            "name": "Kinesis_stream",
            "retention_period": 48,
            "shard_count": 1,
            "shard_level_metrics": [
              "IncomingBytes",
              "OutgoingBytes"
            ],
            "stream_mode_details": [
              {
                "stream_mode": "PROVISIONED"
              }
            ],
            "tags": {},
            "tags_all": {},
            "timeouts": null
          },
          "sensitive_attributes": [],
          "private": "eyJlMmJmYjczMC1lY2FhLTExZTYtOGY4OC0zNDM2M2JjN2M0YzAiOnsiY3JlYXRlIjozMDAwMDAwMDAwMDAsImRlbGV0ZSI6NzIwMDAwMDAwMDAwMCwidXBkYXRlIjo3MjAwMDAwMDAwMDAwfSwic2NoZW1hX3ZlcnNpb24iOiIxIn0="
        }
      ]
    },
    {
      "module": "module.deploy-centralized-logging",
      "mode": "managed",
      "type": "aws_opensearch_domain",
      "name": "opensearch_domain",
      "provider": "provider[\"registry.terraform.io/hashicorp/aws\"]",
      "instances": []
    },
    {
      "module": "module.deploy-centralized-logging",
      "mode": "managed",
      "type": "aws_s3_bucket",
      "name": "logging",
      "provider": "provider[\"registry.terraform.io/hashicorp/aws\"]",
      "instances": [
        {
          "schema_version": 0,
          "attributes": {
            "acceleration_status": "",
            "acl": null,
            "arn": "arn:aws:s3:::steves-logging-bucket",
            "bucket": "steves-logging-bucket",
            "bucket_domain_name": "steves-logging-bucket.s3.amazonaws.com",
            "bucket_prefix": null,
            "bucket_regional_domain_name": "steves-logging-bucket.s3.amazonaws.com",
            "cors_rule": [],
            "force_destroy": false,
            "grant": [
              {
                "id": "03f57628fe97d2ad5e2c1c4bfd7db1684e20e2bd2199e7ce42c85919e35faee6",
                "permissions": [
                  "FULL_CONTROL"
                ],
                "type": "CanonicalUser",
                "uri": ""
              }
            ],
            "hosted_zone_id": "Z3AQBSTGFYJSTF",
            "id": "steves-logging-bucket",
            "lifecycle_rule": [],
            "logging": [],
            "object_lock_configuration": [],
            "object_lock_enabled": false,
            "policy": "",
            "region": "us-east-1",
            "replication_configuration": [],
            "request_payer": "BucketOwner",
            "server_side_encryption_configuration": [],
            "tags": null,
            "tags_all": {},
            "versioning": [
              {
                "enabled": false,
                "mfa_delete": false
              }
            ],
            "website": [],
            "website_domain": null,
            "website_endpoint": null
          },
          "sensitive_attributes": [],
          "private": "bnVsbA=="
        }
      ]
    },
    {
      "module": "module.deploy-centralized-logging",
      "mode": "managed",
      "type": "aws_s3_bucket",
      "name": "s3-cloudtrail",
      "provider": "provider[\"registry.terraform.io/hashicorp/aws\"]",
      "instances": [
        {
          "schema_version": 0,
          "attributes": {
            "acceleration_status": "",
            "acl": null,
            "arn": "arn:aws:s3:::tf-s3-cloudtrail",
            "bucket": "tf-s3-cloudtrail",
            "bucket_domain_name": "tf-s3-cloudtrail.s3.amazonaws.com",
            "bucket_prefix": null,
            "bucket_regional_domain_name": "tf-s3-cloudtrail.s3.amazonaws.com",
            "cors_rule": [],
            "force_destroy": true,
            "grant": [
              {
                "id": "03f57628fe97d2ad5e2c1c4bfd7db1684e20e2bd2199e7ce42c85919e35faee6",
                "permissions": [
                  "FULL_CONTROL"
                ],
                "type": "CanonicalUser",
                "uri": ""
              }
            ],
            "hosted_zone_id": "Z3AQBSTGFYJSTF",
            "id": "tf-s3-cloudtrail",
            "lifecycle_rule": [],
            "logging": [],
            "object_lock_configuration": [],
            "object_lock_enabled": false,
            "policy": "{\"Version\":\"2012-10-17\",\"Statement\":[{\"Sid\":\"AWSCloudTrailAclCheck\",\"Effect\":\"Allow\",\"Principal\":{\"Service\":\"cloudtrail.amazonaws.com\"},\"Action\":\"s3:GetBucketAcl\",\"Resource\":\"arn:aws:s3:::tf-s3-cloudtrail\"},{\"Sid\":\"AWSCloudTrailWrite\",\"Effect\":\"Allow\",\"Principal\":{\"Service\":\"cloudtrail.amazonaws.com\"},\"Action\":\"s3:PutObject\",\"Resource\":\"arn:aws:s3:::tf-s3-cloudtrail/prefix/AWSLogs/401901297044/*\",\"Condition\":{\"StringEquals\":{\"s3:x-amz-acl\":\"bucket-owner-full-control\"}}}]}",
            "region": "us-east-1",
            "replication_configuration": [],
            "request_payer": "BucketOwner",
            "server_side_encryption_configuration": [],
            "tags": {},
            "tags_all": {},
            "versioning": [
              {
                "enabled": false,
                "mfa_delete": false
              }
            ],
            "website": [],
            "website_domain": null,
            "website_endpoint": null
          },
          "sensitive_attributes": [],
          "private": "bnVsbA=="
        }
      ]
    },
    {
      "module": "module.deploy-centralized-logging",
      "mode": "managed",
      "type": "aws_s3_bucket_policy",
      "name": "cloudtrail-bucket-policy",
      "provider": "provider[\"registry.terraform.io/hashicorp/aws\"]",
      "instances": [
        {
          "schema_version": 0,
          "attributes": {
            "bucket": "tf-s3-cloudtrail",
            "id": "tf-s3-cloudtrail",
            "policy": "{\"Statement\":[{\"Action\":\"s3:GetBucketAcl\",\"Effect\":\"Allow\",\"Principal\":{\"Service\":\"cloudtrail.amazonaws.com\"},\"Resource\":\"arn:aws:s3:::tf-s3-cloudtrail\",\"Sid\":\"AWSCloudTrailAclCheck\"},{\"Action\":\"s3:PutObject\",\"Condition\":{\"StringEquals\":{\"s3:x-amz-acl\":\"bucket-owner-full-control\"}},\"Effect\":\"Allow\",\"Principal\":{\"Service\":\"cloudtrail.amazonaws.com\"},\"Resource\":\"arn:aws:s3:::tf-s3-cloudtrail/prefix/AWSLogs/401901297044/*\",\"Sid\":\"AWSCloudTrailWrite\"}],\"Version\":\"2012-10-17\"}"
          },
          "sensitive_attributes": [],
          "private": "bnVsbA==",
          "dependencies": [
            "module.deploy-centralized-logging.aws_s3_bucket.s3-cloudtrail",
            "module.deploy-centralized-logging.data.aws_caller_identity.current"
          ]
        }
      ]
    },
    {
      "module": "module.deploy-centralized-logging",
      "mode": "managed",
      "type": "aws_s3_bucket_policy",
      "name": "logging_bucket_policy",
      "provider": "provider[\"registry.terraform.io/hashicorp/aws\"]",
      "instances": []
    },
    {
      "module": "module.deploy-centralized-logging",
      "mode": "managed",
      "type": "aws_security_group",
      "name": "opensearch_sg",
      "provider": "provider[\"registry.terraform.io/hashicorp/aws\"]",
      "instances": [
        {
          "schema_version": 1,
          "attributes": {
            "arn": "arn:aws:ec2:us-east-1:401901297044:security-group/sg-06bb3180e3fa39c1c",
            "description": "Managed by Terraform",
            "egress": [],
            "id": "sg-06bb3180e3fa39c1c",
            "ingress": [
              {
                "cidr_blocks": [
                  "10.0.0.0/16"
                ],
                "description": "",
                "from_port": 443,
                "ipv6_cidr_blocks": [],
                "prefix_list_ids": [],
                "protocol": "tcp",
                "security_groups": [],
                "self": false,
                "to_port": 443
              }
            ],
            "name": "aws_vpc-opensearch-aws-opensearch-domain",
            "name_prefix": "",
            "owner_id": "401901297044",
            "revoke_rules_on_delete": false,
            "tags": {},
            "tags_all": {},
            "timeouts": null,
            "vpc_id": "vpc-0acfe5b9b0aaccdf9"
          },
          "sensitive_attributes": [],
          "private": "eyJlMmJmYjczMC1lY2FhLTExZTYtOGY4OC0zNDM2M2JjN2M0YzAiOnsiY3JlYXRlIjo2MDAwMDAwMDAwMDAsImRlbGV0ZSI6OTAwMDAwMDAwMDAwfSwic2NoZW1hX3ZlcnNpb24iOiIxIn0=",
          "dependencies": [
            "module.deploy-centralized-logging.data.aws_vpc.vpc_data"
          ]
        }
      ]
    }
  ]
}
